<?xml version="1.0" encoding="utf-8"?>
<Project ToolsVersion="4.0" xmlns="http://schemas.microsoft.com/developer/msbuild/2003">
  <ItemGroup>
    <Filter Include="Source Files">
      <UniqueIdentifier>{4FC737F1-C7A5-4376-A066-2A32D752A2FF}</UniqueIdentifier>
      <Extensions>cpp;c;cc;cxx;def;odl;idl;hpj;bat;asm;asmx</Extensions>
    </Filter>
    <Filter Include="Resource Files">
      <UniqueIdentifier>{67DA6AB6-F800-4c08-8B7A-83BB121AAD01}</UniqueIdentifier>
      <Extensions>rc;ico;cur;bmp;dlg;rc2;rct;bin;rgs;gif;jpg;jpeg;jpe;resx;tiff;tif;png;wav;mfcribbon-ms</Extensions>
    </Filter>
  </ItemGroup>
  <ItemGroup>
    <ClCompile Include="main.cpp">
      <Filter>Source Files</Filter>
    </ClCompile>
    <ClCompile Include="Camera.cpp">
      <Filter>Source Files</Filter>
    </ClCompile>
    <ClCompile Include="Mesh.cpp">
      <Filter>Source Files</Filter>
    </ClCompile>
    <ClCompile Include="Shader.cpp">
      <Filter>Source Files</Filter>
    </ClCompile>
    <ClCompile Include="MeshList.cpp">
      <Filter>Source Files</Filter>
    </ClCompile>
    <ClCompile Include="DisplaceTerrain.cpp">
      <Filter>Source Files</Filter>
    </ClCompile>
    <ClCompile Include="mtrand.cpp">
      <Filter>Source Files</Filter>
    </ClCompile>
    <ClCompile Include="QuadTree.cpp">
      <Filter>Source Files</Filter>
    </ClCompile>
    <ClCompile Include="ShaderProgram.cpp">
      <Filter>Source Files</Filter>
    </ClCompile>
  </ItemGroup>
  <ItemGroup>
    <ClInclude Include="Camera.hpp">
      <Filter>Source Files</Filter>
    </ClInclude>
    <ClInclude Include="DisplaceTerrain.hpp">
      <Filter>Source Files</Filter>
    </ClInclude>
    <ClInclude Include="event_logger.h">
      <Filter>Source Files</Filter>
    </ClInclude>
    <ClInclude Include="MasterInclude.hpp">
      <Filter>Source Files</Filter>
    </ClInclude>
    <ClInclude Include="Mesh.hpp">
      <Filter>Source Files</Filter>
    </ClInclude>
    <ClInclude Include="MeshList.hpp">
      <Filter>Source Files</Filter>
    </ClInclude>
    <ClInclude Include="mtrand.h">
      <Filter>Source Files</Filter>
    </ClInclude>
    <ClInclude Include="QuadTree.hpp">
      <Filter>Source Files</Filter>
    </ClInclude>
    <ClInclude Include="Quaternion.hpp">
      <Filter>Source Files</Filter>
    </ClInclude>
    <ClInclude Include="Shader.hpp">
      <Filter>Source Files</Filter>
    </ClInclude>
    <ClInclude Include="BitmapFont.hpp">
      <Filter>Source Files</Filter>
    </ClInclude>
    <ClInclude Include="ShaderProgram.hpp">
      <Filter>Source Files</Filter>
    </ClInclude>
  </ItemGroup>
</Project>